
Microsoft Visual Studio Solution File, Format Version 12.00
# Visual Studio Version 17
VisualStudioVersion = 17.8.34525.116
MinimumVisualStudioVersion = 10.0.40219.1
Project("{FAE04EC0-301F-11D3-BF4B-00C04F79EFBC}") = "Deliverable 2_T", "Deliverable 2_T.csproj", "{132E3C61-194D-460F-8C9A-077BF7F6FD57}"
EndProject
Global
	GlobalSection(SolutionConfigurationPlatforms) = preSolution
		Debug|Any CPU = Debug|Any CPU
		Release|Any CPU = Release|Any CPU
	EndGlobalSection
	GlobalSection(ProjectConfigurationPlatforms) = postSolution
		{132E3C61-194D-460F-8C9A-077BF7F6FD57}.Debug|Any CPU.ActiveCfg = Debug|Any CPU
		{132E3C61-194D-460F-8C9A-077BF7F6FD57}.Debug|Any CPU.Build.0 = Debug|Any CPU
		{132E3C61-194D-460F-8C9A-077BF7F6FD57}.Release|Any CPU.ActiveCfg = Release|Any CPU
		{132E3C61-194D-460F-8C9A-077BF7F6FD57}.Release|Any CPU.Build.0 = Release|Any CPU
	EndGlobalSection
	GlobalSection(SolutionProperties) = preSolution
		HideSolutionNode = FALSE
	EndGlobalSection
	GlobalSection(ExtensibilityGlobals) = postSolution
		SolutionGuid = {52D4E0A8-052C-4A2D-8E54-2CDED1F4903C}
	EndGlobalSection
EndGlobal
